// !$*UTF8*$!
{
	archiveVersion = 1;
	classes = {
	};
	objectVersion = 50;
	objects = {

/* Begin PBXBuildFile section */
		0C27F4B122F464AF001D3BB6 /* AppDelegate.swift in Sources */ = {isa = PBXBuildFile; fileRef = 0C27F4B022F464AF001D3BB6 /* AppDelegate.swift */; };
		0C27F4B922F464AF001D3BB6 /* Catogram.xcdatamodeld in Sources */ = {isa = PBXBuildFile; fileRef = 0C27F4B722F464AF001D3BB6 /* Catogram.xcdatamodeld */; };
		0C27F4BB22F464B2001D3BB6 /* Assets.xcassets in Resources */ = {isa = PBXBuildFile; fileRef = 0C27F4BA22F464B2001D3BB6 /* Assets.xcassets */; };
		0C27F4BE22F464B2001D3BB6 /* LaunchScreen.storyboard in Resources */ = {isa = PBXBuildFile; fileRef = 0C27F4BC22F464B2001D3BB6 /* LaunchScreen.storyboard */; };
		0C27F4C922F464B3001D3BB6 /* CatogramTests.swift in Sources */ = {isa = PBXBuildFile; fileRef = 0C27F4C822F464B3001D3BB6 /* CatogramTests.swift */; };
		0C27F4D422F464B3001D3BB6 /* CatogramUITests.swift in Sources */ = {isa = PBXBuildFile; fileRef = 0C27F4D322F464B3001D3BB6 /* CatogramUITests.swift */; };
		0C27F50222F49FE9001D3BB6 /* AppCoordinator.swift in Sources */ = {isa = PBXBuildFile; fileRef = 0C27F50122F49FE9001D3BB6 /* AppCoordinator.swift */; };
		0C27F50D22F4A0B9001D3BB6 /* Localization.swift in Sources */ = {isa = PBXBuildFile; fileRef = 0C27F50C22F4A0B9001D3BB6 /* Localization.swift */; };
		0C3F5BA22303F7570004B2EC /* BreedsPresenter.swift in Sources */ = {isa = PBXBuildFile; fileRef = 0C3F5B9F2303F7570004B2EC /* BreedsPresenter.swift */; };
		0C3F5BA32303F7570004B2EC /* BreedsViewController.swift in Sources */ = {isa = PBXBuildFile; fileRef = 0C3F5BA02303F7570004B2EC /* BreedsViewController.swift */; };
		0C3F5BA723044E690004B2EC /* BreedModel.swift in Sources */ = {isa = PBXBuildFile; fileRef = 0C3F5BA623044E690004B2EC /* BreedModel.swift */; };
		0C3F5BAA2307C6200004B2EC /* BreedCollectionViewCell.swift in Sources */ = {isa = PBXBuildFile; fileRef = 0C3F5BA92307C6200004B2EC /* BreedCollectionViewCell.swift */; };
		0C3F5BAC2307D6530004B2EC /* ImageTask.swift in Sources */ = {isa = PBXBuildFile; fileRef = 0C3F5BAB2307D6530004B2EC /* ImageTask.swift */; };
		0CBBAA632300785F00AAC4E2 /* Constants.swift in Sources */ = {isa = PBXBuildFile; fileRef = 0CBBAA622300785F00AAC4E2 /* Constants.swift */; };
		0CBBAA682301693200AAC4E2 /* FavouritesPresenter.swift in Sources */ = {isa = PBXBuildFile; fileRef = 0CBBAA652301693100AAC4E2 /* FavouritesPresenter.swift */; };
		0CBBAA692301693200AAC4E2 /* FavouritesViewController.swift in Sources */ = {isa = PBXBuildFile; fileRef = 0CBBAA662301693200AAC4E2 /* FavouritesViewController.swift */; };
		0CC556CB2301AF8900A2B8B6 /* FavouritesCollectionViewCell.swift in Sources */ = {isa = PBXBuildFile; fileRef = 0CC556CA2301AF8900A2B8B6 /* FavouritesCollectionViewCell.swift */; };
		0CC556CE2301B04800A2B8B6 /* FavouritesViewModel.swift in Sources */ = {isa = PBXBuildFile; fileRef = 0CC556CD2301B04800A2B8B6 /* FavouritesViewModel.swift */; };
		0CD5425822FB2810000AC68E /* FeedPresenter.swift in Sources */ = {isa = PBXBuildFile; fileRef = 0CD5425522FB2810000AC68E /* FeedPresenter.swift */; };
		0CD5425922FB2810000AC68E /* FeedViewController.swift in Sources */ = {isa = PBXBuildFile; fileRef = 0CD5425622FB2810000AC68E /* FeedViewController.swift */; };
		0CD5425E22FB2972000AC68E /* LoginPresenter.swift in Sources */ = {isa = PBXBuildFile; fileRef = 0CD5425B22FB2972000AC68E /* LoginPresenter.swift */; };
		0CD5425F22FB2972000AC68E /* LoginViewController.swift in Sources */ = {isa = PBXBuildFile; fileRef = 0CD5425C22FB2972000AC68E /* LoginViewController.swift */; };
		0CD5426222FBFF22000AC68E /* UIColor.swift in Sources */ = {isa = PBXBuildFile; fileRef = 0CD5426122FBFF22000AC68E /* UIColor.swift */; };
		0CD5426422FC7D80000AC68E /* Validator.swift in Sources */ = {isa = PBXBuildFile; fileRef = 0CD5426322FC7D80000AC68E /* Validator.swift */; };
		0CD5426722FC7DEF000AC68E /* UITextField+Validator.swift in Sources */ = {isa = PBXBuildFile; fileRef = 0CD5426622FC7DEF000AC68E /* UITextField+Validator.swift */; };
		0CD5426C22FD62A8000AC68E /* URLFactory.swift in Sources */ = {isa = PBXBuildFile; fileRef = 0CD5426B22FD62A8000AC68E /* URLFactory.swift */; };
		0CD5426E22FD6E4C000AC68E /* NetworkService+Image.swift in Sources */ = {isa = PBXBuildFile; fileRef = 0CD5426D22FD6E4C000AC68E /* NetworkService+Image.swift */; };
		0CD5427022FD7150000AC68E /* NetworkServiceProtocols.swift in Sources */ = {isa = PBXBuildFile; fileRef = 0CD5426F22FD7150000AC68E /* NetworkServiceProtocols.swift */; };
		0CD5427222FD8508000AC68E /* ImageDownloader.swift in Sources */ = {isa = PBXBuildFile; fileRef = 0CD5427122FD8508000AC68E /* ImageDownloader.swift */; };
/* End PBXBuildFile section */

/* Begin PBXContainerItemProxy section */
		0C27F4C522F464B3001D3BB6 /* PBXContainerItemProxy */ = {
			isa = PBXContainerItemProxy;
			containerPortal = 0C27F4A522F464AF001D3BB6 /* Project object */;
			proxyType = 1;
			remoteGlobalIDString = 0C27F4AC22F464AF001D3BB6;
			remoteInfo = Catogram;
		};
		0C27F4D022F464B3001D3BB6 /* PBXContainerItemProxy */ = {
			isa = PBXContainerItemProxy;
			containerPortal = 0C27F4A522F464AF001D3BB6 /* Project object */;
			proxyType = 1;
			remoteGlobalIDString = 0C27F4AC22F464AF001D3BB6;
			remoteInfo = Catogram;
		};
/* End PBXContainerItemProxy section */

/* Begin PBXFileReference section */
		0C27F4AD22F464AF001D3BB6 /* Catogram.app */ = {isa = PBXFileReference; explicitFileType = wrapper.application; includeInIndex = 0; path = Catogram.app; sourceTree = BUILT_PRODUCTS_DIR; };
		0C27F4B022F464AF001D3BB6 /* AppDelegate.swift */ = {isa = PBXFileReference; lastKnownFileType = sourcecode.swift; path = AppDelegate.swift; sourceTree = "<group>"; };
		0C27F4B822F464AF001D3BB6 /* Catogram.xcdatamodel */ = {isa = PBXFileReference; lastKnownFileType = wrapper.xcdatamodel; path = Catogram.xcdatamodel; sourceTree = "<group>"; };
		0C27F4BA22F464B2001D3BB6 /* Assets.xcassets */ = {isa = PBXFileReference; lastKnownFileType = folder.assetcatalog; path = Assets.xcassets; sourceTree = "<group>"; };
		0C27F4BD22F464B2001D3BB6 /* Base */ = {isa = PBXFileReference; lastKnownFileType = file.storyboard; name = Base; path = Base.lproj/LaunchScreen.storyboard; sourceTree = "<group>"; };
		0C27F4BF22F464B2001D3BB6 /* Info.plist */ = {isa = PBXFileReference; lastKnownFileType = text.plist.xml; path = Info.plist; sourceTree = "<group>"; };
		0C27F4C422F464B3001D3BB6 /* CatogramTests.xctest */ = {isa = PBXFileReference; explicitFileType = wrapper.cfbundle; includeInIndex = 0; path = CatogramTests.xctest; sourceTree = BUILT_PRODUCTS_DIR; };
		0C27F4C822F464B3001D3BB6 /* CatogramTests.swift */ = {isa = PBXFileReference; lastKnownFileType = sourcecode.swift; path = CatogramTests.swift; sourceTree = "<group>"; };
		0C27F4CA22F464B3001D3BB6 /* Info.plist */ = {isa = PBXFileReference; lastKnownFileType = text.plist.xml; path = Info.plist; sourceTree = "<group>"; };
		0C27F4CF22F464B3001D3BB6 /* CatogramUITests.xctest */ = {isa = PBXFileReference; explicitFileType = wrapper.cfbundle; includeInIndex = 0; path = CatogramUITests.xctest; sourceTree = BUILT_PRODUCTS_DIR; };
		0C27F4D322F464B3001D3BB6 /* CatogramUITests.swift */ = {isa = PBXFileReference; lastKnownFileType = sourcecode.swift; path = CatogramUITests.swift; sourceTree = "<group>"; };
		0C27F4D522F464B3001D3BB6 /* Info.plist */ = {isa = PBXFileReference; lastKnownFileType = text.plist.xml; path = Info.plist; sourceTree = "<group>"; };
		0C27F50122F49FE9001D3BB6 /* AppCoordinator.swift */ = {isa = PBXFileReference; lastKnownFileType = sourcecode.swift; path = AppCoordinator.swift; sourceTree = "<group>"; };
		0C27F50C22F4A0B9001D3BB6 /* Localization.swift */ = {isa = PBXFileReference; lastKnownFileType = sourcecode.swift; path = Localization.swift; sourceTree = "<group>"; };
		0C3F5B9F2303F7570004B2EC /* BreedsPresenter.swift */ = {isa = PBXFileReference; lastKnownFileType = sourcecode.swift; path = BreedsPresenter.swift; sourceTree = "<group>"; };
		0C3F5BA02303F7570004B2EC /* BreedsViewController.swift */ = {isa = PBXFileReference; lastKnownFileType = sourcecode.swift; path = BreedsViewController.swift; sourceTree = "<group>"; };
		0C3F5BA623044E690004B2EC /* BreedModel.swift */ = {isa = PBXFileReference; lastKnownFileType = sourcecode.swift; path = BreedModel.swift; sourceTree = "<group>"; };
		0C3F5BA92307C6200004B2EC /* BreedCollectionViewCell.swift */ = {isa = PBXFileReference; lastKnownFileType = sourcecode.swift; path = BreedCollectionViewCell.swift; sourceTree = "<group>"; };
		0C3F5BAB2307D6530004B2EC /* ImageTask.swift */ = {isa = PBXFileReference; lastKnownFileType = sourcecode.swift; path = ImageTask.swift; sourceTree = "<group>"; };
		0CBBAA622300785F00AAC4E2 /* Constants.swift */ = {isa = PBXFileReference; lastKnownFileType = sourcecode.swift; path = Constants.swift; sourceTree = "<group>"; };
		0CBBAA652301693100AAC4E2 /* FavouritesPresenter.swift */ = {isa = PBXFileReference; lastKnownFileType = sourcecode.swift; path = FavouritesPresenter.swift; sourceTree = "<group>"; };
		0CBBAA662301693200AAC4E2 /* FavouritesViewController.swift */ = {isa = PBXFileReference; lastKnownFileType = sourcecode.swift; path = FavouritesViewController.swift; sourceTree = "<group>"; };
		0CC556CA2301AF8900A2B8B6 /* FavouritesCollectionViewCell.swift */ = {isa = PBXFileReference; lastKnownFileType = sourcecode.swift; path = FavouritesCollectionViewCell.swift; sourceTree = "<group>"; };
		0CC556CD2301B04800A2B8B6 /* FavouritesViewModel.swift */ = {isa = PBXFileReference; lastKnownFileType = sourcecode.swift; path = FavouritesViewModel.swift; sourceTree = "<group>"; };
		0CD5425522FB2810000AC68E /* FeedPresenter.swift */ = {isa = PBXFileReference; lastKnownFileType = sourcecode.swift; path = FeedPresenter.swift; sourceTree = "<group>"; };
		0CD5425622FB2810000AC68E /* FeedViewController.swift */ = {isa = PBXFileReference; lastKnownFileType = sourcecode.swift; path = FeedViewController.swift; sourceTree = "<group>"; };
		0CD5425B22FB2972000AC68E /* LoginPresenter.swift */ = {isa = PBXFileReference; lastKnownFileType = sourcecode.swift; path = LoginPresenter.swift; sourceTree = "<group>"; };
		0CD5425C22FB2972000AC68E /* LoginViewController.swift */ = {isa = PBXFileReference; lastKnownFileType = sourcecode.swift; path = LoginViewController.swift; sourceTree = "<group>"; };
		0CD5426122FBFF22000AC68E /* UIColor.swift */ = {isa = PBXFileReference; lastKnownFileType = sourcecode.swift; path = UIColor.swift; sourceTree = "<group>"; };
		0CD5426322FC7D80000AC68E /* Validator.swift */ = {isa = PBXFileReference; lastKnownFileType = sourcecode.swift; path = Validator.swift; sourceTree = "<group>"; };
		0CD5426622FC7DEF000AC68E /* UITextField+Validator.swift */ = {isa = PBXFileReference; lastKnownFileType = sourcecode.swift; path = "UITextField+Validator.swift"; sourceTree = "<group>"; };
		0CD5426B22FD62A8000AC68E /* URLFactory.swift */ = {isa = PBXFileReference; lastKnownFileType = sourcecode.swift; path = URLFactory.swift; sourceTree = "<group>"; };
		0CD5426D22FD6E4C000AC68E /* NetworkService+Image.swift */ = {isa = PBXFileReference; lastKnownFileType = sourcecode.swift; path = "NetworkService+Image.swift"; sourceTree = "<group>"; };
		0CD5426F22FD7150000AC68E /* NetworkServiceProtocols.swift */ = {isa = PBXFileReference; lastKnownFileType = sourcecode.swift; path = NetworkServiceProtocols.swift; sourceTree = "<group>"; };
		0CD5427122FD8508000AC68E /* ImageDownloader.swift */ = {isa = PBXFileReference; lastKnownFileType = sourcecode.swift; path = ImageDownloader.swift; sourceTree = "<group>"; };
/* End PBXFileReference section */

/* Begin PBXFrameworksBuildPhase section */
		0C27F4AA22F464AF001D3BB6 /* Frameworks */ = {
			isa = PBXFrameworksBuildPhase;
			buildActionMask = 2147483647;
			files = (
			);
			runOnlyForDeploymentPostprocessing = 0;
		};
		0C27F4C122F464B3001D3BB6 /* Frameworks */ = {
			isa = PBXFrameworksBuildPhase;
			buildActionMask = 2147483647;
			files = (
			);
			runOnlyForDeploymentPostprocessing = 0;
		};
		0C27F4CC22F464B3001D3BB6 /* Frameworks */ = {
			isa = PBXFrameworksBuildPhase;
			buildActionMask = 2147483647;
			files = (
			);
			runOnlyForDeploymentPostprocessing = 0;
		};
/* End PBXFrameworksBuildPhase section */

/* Begin PBXGroup section */
		0C27F4A422F464AF001D3BB6 = {
			isa = PBXGroup;
			children = (
				0C27F4AF22F464AF001D3BB6 /* Catogram */,
				0C27F4C722F464B3001D3BB6 /* CatogramTests */,
				0C27F4D222F464B3001D3BB6 /* CatogramUITests */,
				0C27F4AE22F464AF001D3BB6 /* Products */,
			);
			sourceTree = "<group>";
		};
		0C27F4AE22F464AF001D3BB6 /* Products */ = {
			isa = PBXGroup;
			children = (
				0C27F4AD22F464AF001D3BB6 /* Catogram.app */,
				0C27F4C422F464B3001D3BB6 /* CatogramTests.xctest */,
				0C27F4CF22F464B3001D3BB6 /* CatogramUITests.xctest */,
			);
			name = Products;
			sourceTree = "<group>";
		};
		0C27F4AF22F464AF001D3BB6 /* Catogram */ = {
			isa = PBXGroup;
			children = (
				0CD5426922FC8C27000AC68E /* Resources */,
				0CD5426822FC8BF9000AC68E /* Sources */,
				0C27F4BF22F464B2001D3BB6 /* Info.plist */,
				0C27F4B722F464AF001D3BB6 /* Catogram.xcdatamodeld */,
			);
			path = Catogram;
			sourceTree = "<group>";
		};
		0C27F4C722F464B3001D3BB6 /* CatogramTests */ = {
			isa = PBXGroup;
			children = (
				0C27F4C822F464B3001D3BB6 /* CatogramTests.swift */,
				0C27F4CA22F464B3001D3BB6 /* Info.plist */,
			);
			path = CatogramTests;
			sourceTree = "<group>";
		};
		0C27F4D222F464B3001D3BB6 /* CatogramUITests */ = {
			isa = PBXGroup;
			children = (
				0C27F4D322F464B3001D3BB6 /* CatogramUITests.swift */,
				0C27F4D522F464B3001D3BB6 /* Info.plist */,
			);
			path = CatogramUITests;
			sourceTree = "<group>";
		};
		0C27F50322F4A034001D3BB6 /* Modules */ = {
			isa = PBXGroup;
			children = (
				0CBC4BF72303F6F5004ECF58 /* Breeds */,
				0CBBAA64230168F500AAC4E2 /* Favourites */,
				0C27F50422F4A03E001D3BB6 /* Feed */,
				7A45164BA3F4D2B56EBB0004 /* Login */,
			);
			path = Modules;
			sourceTree = "<group>";
		};
		0C27F50422F4A03E001D3BB6 /* Feed */ = {
			isa = PBXGroup;
			children = (
				0CD5425522FB2810000AC68E /* FeedPresenter.swift */,
				0CD5425622FB2810000AC68E /* FeedViewController.swift */,
			);
			path = Feed;
			sourceTree = "<group>";
		};
		0C27F50B22F4A0A3001D3BB6 /* Helpers */ = {
			isa = PBXGroup;
			children = (
				0C27F50C22F4A0B9001D3BB6 /* Localization.swift */,
				0CBBAA622300785F00AAC4E2 /* Constants.swift */,
				0CD5426322FC7D80000AC68E /* Validator.swift */,
			);
			path = Helpers;
			sourceTree = "<group>";
		};
		0C3F5BA523044E4F0004B2EC /* Models */ = {
			isa = PBXGroup;
			children = (
				0C3F5BA623044E690004B2EC /* BreedModel.swift */,
			);
			path = Models;
			sourceTree = "<group>";
		};
		0C3F5BA82307C5F60004B2EC /* Views */ = {
			isa = PBXGroup;
			children = (
				0C3F5BA92307C6200004B2EC /* BreedCollectionViewCell.swift */,
			);
			path = Views;
			sourceTree = "<group>";
		};
		0CBBAA64230168F500AAC4E2 /* Favourites */ = {
			isa = PBXGroup;
			children = (
				0CBBAA652301693100AAC4E2 /* FavouritesPresenter.swift */,
				0CBBAA662301693200AAC4E2 /* FavouritesViewController.swift */,
				0CC556C72301AF2800A2B8B6 /* VIews */,
				0CC556CC2301B01F00A2B8B6 /* ViewModels */,
			);
			path = Favourites;
			sourceTree = "<group>";
		};
		0CBC4BF72303F6F5004ECF58 /* Breeds */ = {
			isa = PBXGroup;
			children = (
				0C3F5BA523044E4F0004B2EC /* Models */,
				0C3F5BA82307C5F60004B2EC /* Views */,
				0C3F5B9F2303F7570004B2EC /* BreedsPresenter.swift */,
				0C3F5BA02303F7570004B2EC /* BreedsViewController.swift */,
			);
			path = Breeds;
			sourceTree = "<group>";
		};
		0CC556C72301AF2800A2B8B6 /* VIews */ = {
			isa = PBXGroup;
			children = (
				0CC556CA2301AF8900A2B8B6 /* FavouritesCollectionViewCell.swift */,
			);
			path = VIews;
			sourceTree = "<group>";
		};
		0CC556CC2301B01F00A2B8B6 /* ViewModels */ = {
			isa = PBXGroup;
			children = (
				0CC556CD2301B04800A2B8B6 /* FavouritesViewModel.swift */,
			);
			path = ViewModels;
			sourceTree = "<group>";
		};
		0CD5426522FC7DBE000AC68E /* Extensions */ = {
			isa = PBXGroup;
			children = (
				0CD5426122FBFF22000AC68E /* UIColor.swift */,
				0CD5426622FC7DEF000AC68E /* UITextField+Validator.swift */,
			);
			path = Extensions;
			sourceTree = "<group>";
		};
		0CD5426822FC8BF9000AC68E /* Sources */ = {
			isa = PBXGroup;
			children = (
				0C27F4B022F464AF001D3BB6 /* AppDelegate.swift */,
				0C27F50122F49FE9001D3BB6 /* AppCoordinator.swift */,
				0C27F50322F4A034001D3BB6 /* Modules */,
				0C27F50B22F4A0A3001D3BB6 /* Helpers */,
				0CD5426522FC7DBE000AC68E /* Extensions */,
				0CD5426A22FD5F9C000AC68E /* Network */,
			);
			path = Sources;
			sourceTree = "<group>";
		};
		0CD5426922FC8C27000AC68E /* Resources */ = {
			isa = PBXGroup;
			children = (
				0C27F4BA22F464B2001D3BB6 /* Assets.xcassets */,
				0C27F4BC22F464B2001D3BB6 /* LaunchScreen.storyboard */,
			);
			path = Resources;
			sourceTree = "<group>";
		};
		0CD5426A22FD5F9C000AC68E /* Network */ = {
			isa = PBXGroup;
			children = (
				0CD5426B22FD62A8000AC68E /* URLFactory.swift */,
				0CD5426F22FD7150000AC68E /* NetworkServiceProtocols.swift */,
				0CD5426D22FD6E4C000AC68E /* NetworkService+Image.swift */,
				0CD5427122FD8508000AC68E /* ImageDownloader.swift */,
				0C3F5BAB2307D6530004B2EC /* ImageTask.swift */,
			);
			path = Network;
			sourceTree = "<group>";
		};
		7A45164BA3F4D2B56EBB0004 /* Login */ = {
			isa = PBXGroup;
			children = (
				0CD5425B22FB2972000AC68E /* LoginPresenter.swift */,
				0CD5425C22FB2972000AC68E /* LoginViewController.swift */,
			);
			path = Login;
			sourceTree = "<group>";
		};
/* End PBXGroup section */

/* Begin PBXNativeTarget section */
		0C27F4AC22F464AF001D3BB6 /* Catogram */ = {
			isa = PBXNativeTarget;
			buildConfigurationList = 0C27F4D822F464B3001D3BB6 /* Build configuration list for PBXNativeTarget "Catogram" */;
			buildPhases = (
				0C27F4A922F464AF001D3BB6 /* Sources */,
				0C27F4AA22F464AF001D3BB6 /* Frameworks */,
				0C27F4AB22F464AF001D3BB6 /* Resources */,
			);
			buildRules = (
			);
			dependencies = (
			);
			name = Catogram;
			productName = Catogram;
			productReference = 0C27F4AD22F464AF001D3BB6 /* Catogram.app */;
			productType = "com.apple.product-type.application";
		};
		0C27F4C322F464B3001D3BB6 /* CatogramTests */ = {
			isa = PBXNativeTarget;
			buildConfigurationList = 0C27F4DB22F464B3001D3BB6 /* Build configuration list for PBXNativeTarget "CatogramTests" */;
			buildPhases = (
				0C27F4C022F464B3001D3BB6 /* Sources */,
				0C27F4C122F464B3001D3BB6 /* Frameworks */,
				0C27F4C222F464B3001D3BB6 /* Resources */,
			);
			buildRules = (
			);
			dependencies = (
				0C27F4C622F464B3001D3BB6 /* PBXTargetDependency */,
			);
			name = CatogramTests;
			productName = CatogramTests;
			productReference = 0C27F4C422F464B3001D3BB6 /* CatogramTests.xctest */;
			productType = "com.apple.product-type.bundle.unit-test";
		};
		0C27F4CE22F464B3001D3BB6 /* CatogramUITests */ = {
			isa = PBXNativeTarget;
			buildConfigurationList = 0C27F4DE22F464B3001D3BB6 /* Build configuration list for PBXNativeTarget "CatogramUITests" */;
			buildPhases = (
				0C27F4CB22F464B3001D3BB6 /* Sources */,
				0C27F4CC22F464B3001D3BB6 /* Frameworks */,
				0C27F4CD22F464B3001D3BB6 /* Resources */,
			);
			buildRules = (
			);
			dependencies = (
				0C27F4D122F464B3001D3BB6 /* PBXTargetDependency */,
			);
			name = CatogramUITests;
			productName = CatogramUITests;
			productReference = 0C27F4CF22F464B3001D3BB6 /* CatogramUITests.xctest */;
			productType = "com.apple.product-type.bundle.ui-testing";
		};
/* End PBXNativeTarget section */

/* Begin PBXProject section */
		0C27F4A522F464AF001D3BB6 /* Project object */ = {
			isa = PBXProject;
			attributes = {
				LastSwiftUpdateCheck = 1030;
				LastUpgradeCheck = 1030;
				ORGANIZATIONNAME = OlegKrylov;
				TargetAttributes = {
					0C27F4AC22F464AF001D3BB6 = {
						CreatedOnToolsVersion = 10.3;
					};
					0C27F4C322F464B3001D3BB6 = {
						CreatedOnToolsVersion = 10.3;
						TestTargetID = 0C27F4AC22F464AF001D3BB6;
					};
					0C27F4CE22F464B3001D3BB6 = {
						CreatedOnToolsVersion = 10.3;
						TestTargetID = 0C27F4AC22F464AF001D3BB6;
					};
				};
			};
			buildConfigurationList = 0C27F4A822F464AF001D3BB6 /* Build configuration list for PBXProject "Catogram" */;
			compatibilityVersion = "Xcode 9.3";
			developmentRegion = en;
			hasScannedForEncodings = 0;
			knownRegions = (
				en,
				Base,
			);
			mainGroup = 0C27F4A422F464AF001D3BB6;
			productRefGroup = 0C27F4AE22F464AF001D3BB6 /* Products */;
			projectDirPath = "";
			projectRoot = "";
			targets = (
				0C27F4AC22F464AF001D3BB6 /* Catogram */,
				0C27F4C322F464B3001D3BB6 /* CatogramTests */,
				0C27F4CE22F464B3001D3BB6 /* CatogramUITests */,
			);
		};
/* End PBXProject section */

/* Begin PBXResourcesBuildPhase section */
		0C27F4AB22F464AF001D3BB6 /* Resources */ = {
			isa = PBXResourcesBuildPhase;
			buildActionMask = 2147483647;
			files = (
				0C27F4BE22F464B2001D3BB6 /* LaunchScreen.storyboard in Resources */,
				0C27F4BB22F464B2001D3BB6 /* Assets.xcassets in Resources */,
			);
			runOnlyForDeploymentPostprocessing = 0;
		};
		0C27F4C222F464B3001D3BB6 /* Resources */ = {
			isa = PBXResourcesBuildPhase;
			buildActionMask = 2147483647;
			files = (
			);
			runOnlyForDeploymentPostprocessing = 0;
		};
		0C27F4CD22F464B3001D3BB6 /* Resources */ = {
			isa = PBXResourcesBuildPhase;
			buildActionMask = 2147483647;
			files = (
			);
			runOnlyForDeploymentPostprocessing = 0;
		};
/* End PBXResourcesBuildPhase section */

/* Begin PBXSourcesBuildPhase section */
		0C27F4A922F464AF001D3BB6 /* Sources */ = {
			isa = PBXSourcesBuildPhase;
			buildActionMask = 2147483647;
			files = (
				0CC556CE2301B04800A2B8B6 /* FavouritesViewModel.swift in Sources */,
				0C3F5BAA2307C6200004B2EC /* BreedCollectionViewCell.swift in Sources */,
				0CD5425F22FB2972000AC68E /* LoginViewController.swift in Sources */,
				0CBBAA682301693200AAC4E2 /* FavouritesPresenter.swift in Sources */,
				0CC556CB2301AF8900A2B8B6 /* FavouritesCollectionViewCell.swift in Sources */,
				0CD5427222FD8508000AC68E /* ImageDownloader.swift in Sources */,
				0CD5425E22FB2972000AC68E /* LoginPresenter.swift in Sources */,
				0CD5426C22FD62A8000AC68E /* URLFactory.swift in Sources */,
				0CD5426422FC7D80000AC68E /* Validator.swift in Sources */,
				0CD5426E22FD6E4C000AC68E /* NetworkService+Image.swift in Sources */,
				0C27F50222F49FE9001D3BB6 /* AppCoordinator.swift in Sources */,
				0CBBAA632300785F00AAC4E2 /* Constants.swift in Sources */,
				0CD5426722FC7DEF000AC68E /* UITextField+Validator.swift in Sources */,
				0CBBAA692301693200AAC4E2 /* FavouritesViewController.swift in Sources */,
				0C3F5BAC2307D6530004B2EC /* ImageTask.swift in Sources */,
				0C3F5BA723044E690004B2EC /* BreedModel.swift in Sources */,
				0C3F5BA32303F7570004B2EC /* BreedsViewController.swift in Sources */,
				0C27F50D22F4A0B9001D3BB6 /* Localization.swift in Sources */,
				0CD5426222FBFF22000AC68E /* UIColor.swift in Sources */,
				0C27F4B922F464AF001D3BB6 /* Catogram.xcdatamodeld in Sources */,
				0CD5425822FB2810000AC68E /* FeedPresenter.swift in Sources */,
				0C27F4B122F464AF001D3BB6 /* AppDelegate.swift in Sources */,
				0C3F5BA22303F7570004B2EC /* BreedsPresenter.swift in Sources */,
				0CD5427022FD7150000AC68E /* NetworkServiceProtocols.swift in Sources */,
				0CD5425922FB2810000AC68E /* FeedViewController.swift in Sources */,
			);
			runOnlyForDeploymentPostprocessing = 0;
		};
		0C27F4C022F464B3001D3BB6 /* Sources */ = {
			isa = PBXSourcesBuildPhase;
			buildActionMask = 2147483647;
			files = (
				0C27F4C922F464B3001D3BB6 /* CatogramTests.swift in Sources */,
			);
			runOnlyForDeploymentPostprocessing = 0;
		};
		0C27F4CB22F464B3001D3BB6 /* Sources */ = {
			isa = PBXSourcesBuildPhase;
			buildActionMask = 2147483647;
			files = (
				0C27F4D422F464B3001D3BB6 /* CatogramUITests.swift in Sources */,
			);
			runOnlyForDeploymentPostprocessing = 0;
		};
/* End PBXSourcesBuildPhase section */

/* Begin PBXTargetDependency section */
		0C27F4C622F464B3001D3BB6 /* PBXTargetDependency */ = {
			isa = PBXTargetDependency;
			target = 0C27F4AC22F464AF001D3BB6 /* Catogram */;
			targetProxy = 0C27F4C522F464B3001D3BB6 /* PBXContainerItemProxy */;
		};
		0C27F4D122F464B3001D3BB6 /* PBXTargetDependency */ = {
			isa = PBXTargetDependency;
			target = 0C27F4AC22F464AF001D3BB6 /* Catogram */;
			targetProxy = 0C27F4D022F464B3001D3BB6 /* PBXContainerItemProxy */;
		};
/* End PBXTargetDependency section */

/* Begin PBXVariantGroup section */
		0C27F4BC22F464B2001D3BB6 /* LaunchScreen.storyboard */ = {
			isa = PBXVariantGroup;
			children = (
				0C27F4BD22F464B2001D3BB6 /* Base */,
			);
			name = LaunchScreen.storyboard;
			sourceTree = "<group>";
		};
/* End PBXVariantGroup section */

/* Begin XCBuildConfiguration section */
		0C27F4D622F464B3001D3BB6 /* Debug */ = {
			isa = XCBuildConfiguration;
			buildSettings = {
				ALWAYS_SEARCH_USER_PATHS = NO;
				CLANG_ANALYZER_NONNULL = YES;
				CLANG_ANALYZER_NUMBER_OBJECT_CONVERSION = YES_AGGRESSIVE;
				CLANG_CXX_LANGUAGE_STANDARD = "gnu++14";
				CLANG_CXX_LIBRARY = "libc++";
				CLANG_ENABLE_MODULES = YES;
				CLANG_ENABLE_OBJC_ARC = YES;
				CLANG_ENABLE_OBJC_WEAK = YES;
				CLANG_WARN_BLOCK_CAPTURE_AUTORELEASING = YES;
				CLANG_WARN_BOOL_CONVERSION = YES;
				CLANG_WARN_COMMA = YES;
				CLANG_WARN_CONSTANT_CONVERSION = YES;
				CLANG_WARN_DEPRECATED_OBJC_IMPLEMENTATIONS = YES;
				CLANG_WARN_DIRECT_OBJC_ISA_USAGE = YES_ERROR;
				CLANG_WARN_DOCUMENTATION_COMMENTS = YES;
				CLANG_WARN_EMPTY_BODY = YES;
				CLANG_WARN_ENUM_CONVERSION = YES;
				CLANG_WARN_INFINITE_RECURSION = YES;
				CLANG_WARN_INT_CONVERSION = YES;
				CLANG_WARN_NON_LITERAL_NULL_CONVERSION = YES;
				CLANG_WARN_OBJC_IMPLICIT_RETAIN_SELF = YES;
				CLANG_WARN_OBJC_LITERAL_CONVERSION = YES;
				CLANG_WARN_OBJC_ROOT_CLASS = YES_ERROR;
				CLANG_WARN_RANGE_LOOP_ANALYSIS = YES;
				CLANG_WARN_STRICT_PROTOTYPES = YES;
				CLANG_WARN_SUSPICIOUS_MOVE = YES;
				CLANG_WARN_UNGUARDED_AVAILABILITY = YES_AGGRESSIVE;
				CLANG_WARN_UNREACHABLE_CODE = YES;
				CLANG_WARN__DUPLICATE_METHOD_MATCH = YES;
				CODE_SIGN_IDENTITY = "iPhone Developer";
				COPY_PHASE_STRIP = NO;
				DEBUG_INFORMATION_FORMAT = dwarf;
				ENABLE_STRICT_OBJC_MSGSEND = YES;
				ENABLE_TESTABILITY = YES;
				GCC_C_LANGUAGE_STANDARD = gnu11;
				GCC_DYNAMIC_NO_PIC = NO;
				GCC_NO_COMMON_BLOCKS = YES;
				GCC_OPTIMIZATION_LEVEL = 0;
				GCC_PREPROCESSOR_DEFINITIONS = (
					"DEBUG=1",
					"$(inherited)",
				);
				GCC_WARN_64_TO_32_BIT_CONVERSION = YES;
				GCC_WARN_ABOUT_RETURN_TYPE = YES_ERROR;
				GCC_WARN_UNDECLARED_SELECTOR = YES;
				GCC_WARN_UNINITIALIZED_AUTOS = YES_AGGRESSIVE;
				GCC_WARN_UNUSED_FUNCTION = YES;
				GCC_WARN_UNUSED_VARIABLE = YES;
				IPHONEOS_DEPLOYMENT_TARGET = 12.4;
				MTL_ENABLE_DEBUG_INFO = INCLUDE_SOURCE;
				MTL_FAST_MATH = YES;
				ONLY_ACTIVE_ARCH = YES;
				SDKROOT = iphoneos;
				SWIFT_ACTIVE_COMPILATION_CONDITIONS = DEBUG;
				SWIFT_OPTIMIZATION_LEVEL = "-Onone";
			};
			name = Debug;
		};
		0C27F4D722F464B3001D3BB6 /* Release */ = {
			isa = XCBuildConfiguration;
			buildSettings = {
				ALWAYS_SEARCH_USER_PATHS = NO;
				CLANG_ANALYZER_NONNULL = YES;
				CLANG_ANALYZER_NUMBER_OBJECT_CONVERSION = YES_AGGRESSIVE;
				CLANG_CXX_LANGUAGE_STANDARD = "gnu++14";
				CLANG_CXX_LIBRARY = "libc++";
				CLANG_ENABLE_MODULES = YES;
				CLANG_ENABLE_OBJC_ARC = YES;
				CLANG_ENABLE_OBJC_WEAK = YES;
				CLANG_WARN_BLOCK_CAPTURE_AUTORELEASING = YES;
				CLANG_WARN_BOOL_CONVERSION = YES;
				CLANG_WARN_COMMA = YES;
				CLANG_WARN_CONSTANT_CONVERSION = YES;
				CLANG_WARN_DEPRECATED_OBJC_IMPLEMENTATIONS = YES;
				CLANG_WARN_DIRECT_OBJC_ISA_USAGE = YES_ERROR;
				CLANG_WARN_DOCUMENTATION_COMMENTS = YES;
				CLANG_WARN_EMPTY_BODY = YES;
				CLANG_WARN_ENUM_CONVERSION = YES;
				CLANG_WARN_INFINITE_RECURSION = YES;
				CLANG_WARN_INT_CONVERSION = YES;
				CLANG_WARN_NON_LITERAL_NULL_CONVERSION = YES;
				CLANG_WARN_OBJC_IMPLICIT_RETAIN_SELF = YES;
				CLANG_WARN_OBJC_LITERAL_CONVERSION = YES;
				CLANG_WARN_OBJC_ROOT_CLASS = YES_ERROR;
				CLANG_WARN_RANGE_LOOP_ANALYSIS = YES;
				CLANG_WARN_STRICT_PROTOTYPES = YES;
				CLANG_WARN_SUSPICIOUS_MOVE = YES;
				CLANG_WARN_UNGUARDED_AVAILABILITY = YES_AGGRESSIVE;
				CLANG_WARN_UNREACHABLE_CODE = YES;
				CLANG_WARN__DUPLICATE_METHOD_MATCH = YES;
				CODE_SIGN_IDENTITY = "iPhone Developer";
				COPY_PHASE_STRIP = NO;
				DEBUG_INFORMATION_FORMAT = "dwarf-with-dsym";
				ENABLE_NS_ASSERTIONS = NO;
				ENABLE_STRICT_OBJC_MSGSEND = YES;
				GCC_C_LANGUAGE_STANDARD = gnu11;
				GCC_NO_COMMON_BLOCKS = YES;
				GCC_WARN_64_TO_32_BIT_CONVERSION = YES;
				GCC_WARN_ABOUT_RETURN_TYPE = YES_ERROR;
				GCC_WARN_UNDECLARED_SELECTOR = YES;
				GCC_WARN_UNINITIALIZED_AUTOS = YES_AGGRESSIVE;
				GCC_WARN_UNUSED_FUNCTION = YES;
				GCC_WARN_UNUSED_VARIABLE = YES;
				IPHONEOS_DEPLOYMENT_TARGET = 12.4;
				MTL_ENABLE_DEBUG_INFO = NO;
				MTL_FAST_MATH = YES;
				SDKROOT = iphoneos;
				SWIFT_COMPILATION_MODE = wholemodule;
				SWIFT_OPTIMIZATION_LEVEL = "-O";
				VALIDATE_PRODUCT = YES;
			};
			name = Release;
		};
		0C27F4D922F464B3001D3BB6 /* Debug */ = {
			isa = XCBuildConfiguration;
			buildSettings = {
				ASSETCATALOG_COMPILER_APPICON_NAME = AppIcon;
				CODE_SIGN_STYLE = Automatic;
				DEVELOPMENT_TEAM = 36XZ9KLHXP;
				INFOPLIST_FILE = Catogram/Info.plist;
				LD_RUNPATH_SEARCH_PATHS = (
					"$(inherited)",
					"@executable_path/Frameworks",
				);
				PRODUCT_BUNDLE_IDENTIFIER = OlegKrylov.Catogram;
				PRODUCT_NAME = "$(TARGET_NAME)";
				SWIFT_VERSION = 5.0;
				TARGETED_DEVICE_FAMILY = "1,2";
			};
			name = Debug;
		};
		0C27F4DA22F464B3001D3BB6 /* Release */ = {
			isa = XCBuildConfiguration;
			buildSettings = {
				ASSETCATALOG_COMPILER_APPICON_NAME = AppIcon;
				CODE_SIGN_STYLE = Automatic;
				DEVELOPMENT_TEAM = 36XZ9KLHXP;
				INFOPLIST_FILE = Catogram/Info.plist;
				LD_RUNPATH_SEARCH_PATHS = (
					"$(inherited)",
					"@executable_path/Frameworks",
				);
				PRODUCT_BUNDLE_IDENTIFIER = OlegKrylov.Catogram;
				PRODUCT_NAME = "$(TARGET_NAME)";
				SWIFT_VERSION = 5.0;
				TARGETED_DEVICE_FAMILY = "1,2";
			};
			name = Release;
		};
		0C27F4DC22F464B3001D3BB6 /* Debug */ = {
			isa = XCBuildConfiguration;
			buildSettings = {
				ALWAYS_EMBED_SWIFT_STANDARD_LIBRARIES = YES;
				BUNDLE_LOADER = "$(TEST_HOST)";
				CODE_SIGN_STYLE = Automatic;
				DEVELOPMENT_TEAM = 36XZ9KLHXP;
				INFOPLIST_FILE = CatogramTests/Info.plist;
				LD_RUNPATH_SEARCH_PATHS = (
					"$(inherited)",
					"@executable_path/Frameworks",
					"@loader_path/Frameworks",
				);
				PRODUCT_BUNDLE_IDENTIFIER = OlegKrylov.CatogramTests;
				PRODUCT_NAME = "$(TARGET_NAME)";
				SWIFT_VERSION = 5.0;
				TARGETED_DEVICE_FAMILY = "1,2";
				TEST_HOST = "$(BUILT_PRODUCTS_DIR)/Catogram.app/Catogram";
			};
			name = Debug;
		};
		0C27F4DD22F464B3001D3BB6 /* Release */ = {
			isa = XCBuildConfiguration;
			buildSettings = {
				ALWAYS_EMBED_SWIFT_STANDARD_LIBRARIES = YES;
				BUNDLE_LOADER = "$(TEST_HOST)";
				CODE_SIGN_STYLE = Automatic;
				DEVELOPMENT_TEAM = 36XZ9KLHXP;
				INFOPLIST_FILE = CatogramTests/Info.plist;
				LD_RUNPATH_SEARCH_PATHS = (
					"$(inherited)",
					"@executable_path/Frameworks",
					"@loader_path/Frameworks",
				);
				PRODUCT_BUNDLE_IDENTIFIER = OlegKrylov.CatogramTests;
				PRODUCT_NAME = "$(TARGET_NAME)";
				SWIFT_VERSION = 5.0;
				TARGETED_DEVICE_FAMILY = "1,2";
				TEST_HOST = "$(BUILT_PRODUCTS_DIR)/Catogram.app/Catogram";
			};
			name = Release;
		};
		0C27F4DF22F464B3001D3BB6 /* Debug */ = {
			isa = XCBuildConfiguration;
			buildSettings = {
				ALWAYS_EMBED_SWIFT_STANDARD_LIBRARIES = YES;
				CODE_SIGN_STYLE = Automatic;
				DEVELOPMENT_TEAM = 36XZ9KLHXP;
				INFOPLIST_FILE = CatogramUITests/Info.plist;
				LD_RUNPATH_SEARCH_PATHS = (
					"$(inherited)",
					"@executable_path/Frameworks",
					"@loader_path/Frameworks",
				);
				PRODUCT_BUNDLE_IDENTIFIER = OlegKrylov.CatogramUITests;
				PRODUCT_NAME = "$(TARGET_NAME)";
				SWIFT_VERSION = 5.0;
				TARGETED_DEVICE_FAMILY = "1,2";
				TEST_TARGET_NAME = Catogram;
			};
			name = Debug;
		};
		0C27F4E022F464B3001D3BB6 /* Release */ = {
			isa = XCBuildConfiguration;
			buildSettings = {
				ALWAYS_EMBED_SWIFT_STANDARD_LIBRARIES = YES;
				CODE_SIGN_STYLE = Automatic;
				DEVELOPMENT_TEAM = 36XZ9KLHXP;
				INFOPLIST_FILE = CatogramUITests/Info.plist;
				LD_RUNPATH_SEARCH_PATHS = (
					"$(inherited)",
					"@executable_path/Frameworks",
					"@loader_path/Frameworks",
				);
				PRODUCT_BUNDLE_IDENTIFIER = OlegKrylov.CatogramUITests;
				PRODUCT_NAME = "$(TARGET_NAME)";
				SWIFT_VERSION = 5.0;
				TARGETED_DEVICE_FAMILY = "1,2";
				TEST_TARGET_NAME = Catogram;
			};
			name = Release;
		};
/* End XCBuildConfiguration section */

/* Begin XCConfigurationList section */
		0C27F4A822F464AF001D3BB6 /* Build configuration list for PBXProject "Catogram" */ = {
			isa = XCConfigurationList;
			buildConfigurations = (
				0C27F4D622F464B3001D3BB6 /* Debug */,
				0C27F4D722F464B3001D3BB6 /* Release */,
			);
			defaultConfigurationIsVisible = 0;
			defaultConfigurationName = Release;
		};
		0C27F4D822F464B3001D3BB6 /* Build configuration list for PBXNativeTarget "Catogram" */ = {
			isa = XCConfigurationList;
			buildConfigurations = (
				0C27F4D922F464B3001D3BB6 /* Debug */,
				0C27F4DA22F464B3001D3BB6 /* Release */,
			);
			defaultConfigurationIsVisible = 0;
			defaultConfigurationName = Release;
		};
		0C27F4DB22F464B3001D3BB6 /* Build configuration list for PBXNativeTarget "CatogramTests" */ = {
			isa = XCConfigurationList;
			buildConfigurations = (
				0C27F4DC22F464B3001D3BB6 /* Debug */,
				0C27F4DD22F464B3001D3BB6 /* Release */,
			);
			defaultConfigurationIsVisible = 0;
			defaultConfigurationName = Release;
		};
		0C27F4DE22F464B3001D3BB6 /* Build configuration list for PBXNativeTarget "CatogramUITests" */ = {
			isa = XCConfigurationList;
			buildConfigurations = (
				0C27F4DF22F464B3001D3BB6 /* Debug */,
				0C27F4E022F464B3001D3BB6 /* Release */,
			);
			defaultConfigurationIsVisible = 0;
			defaultConfigurationName = Release;
		};
/* End XCConfigurationList section */

/* Begin XCVersionGroup section */
		0C27F4B722F464AF001D3BB6 /* Catogram.xcdatamodeld */ = {
			isa = XCVersionGroup;
			children = (
				0C27F4B822F464AF001D3BB6 /* Catogram.xcdatamodel */,
			);
			currentVersion = 0C27F4B822F464AF001D3BB6 /* Catogram.xcdatamodel */;
			path = Catogram.xcdatamodeld;
			sourceTree = "<group>";
			versionGroupType = wrapper.xcdatamodel;
		};
/* End XCVersionGroup section */
	};
	rootObject = 0C27F4A522F464AF001D3BB6 /* Project object */;
}
